
Microsoft Visual Studio Solution File, Format Version 12.00
# Visual Studio Version 16
VisualStudioVersion = 16.0.30011.22
MinimumVisualStudioVersion = 10.0.40219.1
Project("{FAE04EC0-301F-11D3-BF4B-00C04F79EFBC}") = "SpaceEmpire4XTracker", "SpaceEmpire4XTracker.csproj", "{386E61BE-9DA1-4436-A2AD-C5F14F66D60C}"
EndProject
Global
	GlobalSection(SolutionConfigurationPlatforms) = preSolution
		Debug|Any CPU = Debug|Any CPU
		Release|Any CPU = Release|Any CPU
	EndGlobalSection
	GlobalSection(ProjectConfigurationPlatforms) = postSolution
		{386E61BE-9DA1-4436-A2AD-C5F14F66D60C}.Debug|Any CPU.ActiveCfg = Debug|Any CPU
		{386E61BE-9DA1-4436-A2AD-C5F14F66D60C}.Debug|Any CPU.Build.0 = Debug|Any CPU
		{386E61BE-9DA1-4436-A2AD-C5F14F66D60C}.Release|Any CPU.ActiveCfg = Release|Any CPU
		{386E61BE-9DA1-4436-A2AD-C5F14F66D60C}.Release|Any CPU.Build.0 = Release|Any CPU
	EndGlobalSection
	GlobalSection(SolutionProperties) = preSolution
		HideSolutionNode = FALSE
	EndGlobalSection
	GlobalSection(ExtensibilityGlobals) = postSolution
		SolutionGuid = {0A0784C9-B0BF-456D-9ED6-9C392C0A8AB5}
	EndGlobalSection
EndGlobal
